
Microsoft Visual Studio Solution File, Format Version 12.00
# Visual Studio Version 17
VisualStudioVersion = 17.4.33403.182
MinimumVisualStudioVersion = 10.0.40219.1
Project("{FAE04EC0-301F-11D3-BF4B-00C04F79EFBC}") = "WebApp", "WebApp.csproj", "{0DE80EF2-CE16-42B4-8B17-17747270A67A}"
EndProject
Global
	GlobalSection(SolutionConfigurationPlatforms) = preSolution
		Debug|Any CPU = Debug|Any CPU
		Release|Any CPU = Release|Any CPU
	EndGlobalSection
	GlobalSection(ProjectConfigurationPlatforms) = postSolution
		{0DE80EF2-CE16-42B4-8B17-17747270A67A}.Debug|Any CPU.ActiveCfg = Debug|Any CPU
		{0DE80EF2-CE16-42B4-8B17-17747270A67A}.Debug|Any CPU.Build.0 = Debug|Any CPU
		{0DE80EF2-CE16-42B4-8B17-17747270A67A}.Release|Any CPU.ActiveCfg = Release|Any CPU
		{0DE80EF2-CE16-42B4-8B17-17747270A67A}.Release|Any CPU.Build.0 = Release|Any CPU
	EndGlobalSection
	GlobalSection(SolutionProperties) = preSolution
		HideSolutionNode = FALSE
	EndGlobalSection
	GlobalSection(ExtensibilityGlobals) = postSolution
		SolutionGuid = {8B93DE73-4EEB-4141-BCE7-AB64857F432C}
	EndGlobalSection
EndGlobal
